# This file is automatically @generated by Cargo.
# It is not intended for manual editing.
version = 4

[[package]]
name = "client"
version = "0.1.0"
dependencies = [
 "treeline-platform",
 "treeline-renderer",
 "treeline-simulation",
]

[[package]]
name = "generator-lab"
version = "0.1.0"
dependencies = [
 "treeline-coordinates",
 "treeline-geography",
 "treeline-terrain",
]

[[package]]
name = "server"
version = "0.1.0"
dependencies = [
 "treeline-platform",
 "treeline-protocol",
 "treeline-world",
]

[[package]]
name = "treeline-caves"
version = "0.1.0"
dependencies = [
 "treeline-coordinates",
]

[[package]]
name = "treeline-coordinates"
version = "0.1.0"

[[package]]
name = "treeline-ecology"
version = "0.1.0"

[[package]]
name = "treeline-geography"
version = "0.1.0"
dependencies = [
 "treeline-coordinates",
]

[[package]]
name = "treeline-hydrology"
version = "0.1.0"
dependencies = [
 "treeline-coordinates",
]

[[package]]
name = "treeline-mesher"
version = "0.1.0"

[[package]]
name = "treeline-platform"
version = "0.1.0"

[[package]]
name = "treeline-protocol"
version = "0.1.0"
dependencies = [
 "treeline-coordinates",
]

[[package]]
name = "treeline-renderer"
version = "0.1.0"

[[package]]
name = "treeline-simulation"
version = "0.1.0"

[[package]]
name = "treeline-terrain"
version = "0.1.0"
dependencies = [
 "treeline-coordinates",
]

[[package]]
name = "treeline-voxel"
version = "0.1.0"
dependencies = [
 "treeline-coordinates",
 "treeline-terrain",
]

[[package]]
name = "treeline-world"
version = "0.1.0"
dependencies = [
 "treeline-coordinates",
 "treeline-voxel",
]

[[package]]
name = "world-viewer"
version = "0.1.0"
dependencies = [
 "treeline-renderer",
 "treeline-voxel",
 "treeline-world",
]
